
Microsoft Visual Studio Solution File, Format Version 12.00
# Visual Studio Version 17
VisualStudioVersion = 17.0.31903.59
MinimumVisualStudioVersion = 10.0.40219.1
Project("{FAE04EC0-301F-11D3-BF4B-00C04F79EFBC}") = "Ex01", "Ex01\Ex01.csproj", "{2B7A0D0A-0A54-443A-8882-91F7CE9E0BAA}"
EndProject
Project("{FAE04EC0-301F-11D3-BF4B-00C04F79EFBC}") = "Ex02", "Ex02\Ex02.csproj", "{30C0FE74-695D-4897-86D6-ECF105B50796}"
EndProject
Project("{FAE04EC0-301F-11D3-BF4B-00C04F79EFBC}") = "Ex17", "Ex17\Ex17.csproj", "{038A7B69-D0AE-44DB-8009-BAE4BD3DCF97}"
EndProject
Project("{FAE04EC0-301F-11D3-BF4B-00C04F79EFBC}") = "Ex10", "Ex10\Ex10.csproj", "{4B6FC992-C7B6-4601-9711-C5A6662ADB30}"
EndProject
Project("{FAE04EC0-301F-11D3-BF4B-00C04F79EFBC}") = "Ex11", "Ex11\Ex11.csproj", "{457206C2-D313-427D-B086-08A915C03329}"
EndProject
Project("{FAE04EC0-301F-11D3-BF4B-00C04F79EFBC}") = "Ex03", "Ex03\Ex03.csproj", "{8347439F-1203-416B-A56B-ADD30DBEEAD3}"
EndProject
Project("{FAE04EC0-301F-11D3-BF4B-00C04F79EFBC}") = "Ex04", "Ex04\Ex04.csproj", "{86036C3F-F1A2-42BE-A194-7BA5C5AC2956}"
EndProject
Project("{FAE04EC0-301F-11D3-BF4B-00C04F79EFBC}") = "Ex05", "Ex05\Ex05.csproj", "{2AC90D6A-D60B-4DD5-80C2-291CF4408181}"
EndProject
Project("{FAE04EC0-301F-11D3-BF4B-00C04F79EFBC}") = "Ex06", "Ex06\Ex06.csproj", "{788CAA03-67A5-402E-AFF0-3C710259D24B}"
EndProject
Project("{FAE04EC0-301F-11D3-BF4B-00C04F79EFBC}") = "Ex07", "Ex07\Ex07.csproj", "{7779AAAD-AA79-4E24-8D4F-3E3CF7B38FC8}"
EndProject
Project("{FAE04EC0-301F-11D3-BF4B-00C04F79EFBC}") = "Ex08", "Ex08\Ex08.csproj", "{99EF551A-A648-4136-8818-2E05FA80F778}"
EndProject
Project("{FAE04EC0-301F-11D3-BF4B-00C04F79EFBC}") = "Ex09", "Ex09\Ex09.csproj", "{32088175-19F7-418C-BBA9-997A1BA5E251}"
EndProject
Project("{FAE04EC0-301F-11D3-BF4B-00C04F79EFBC}") = "Ex12", "Ex12\Ex12.csproj", "{FEF08B75-ABE1-4416-8570-0FEEE1968AAF}"
EndProject
Project("{FAE04EC0-301F-11D3-BF4B-00C04F79EFBC}") = "Ex13", "Ex13\Ex13.csproj", "{B3899AAA-2DDF-4899-ADCF-F3027795BA75}"
EndProject
Project("{FAE04EC0-301F-11D3-BF4B-00C04F79EFBC}") = "Ex14", "Ex14\Ex14.csproj", "{7DE88FB8-8A70-4FA0-8E66-F5090F776B53}"
EndProject
Project("{FAE04EC0-301F-11D3-BF4B-00C04F79EFBC}") = "Ex15", "Ex15\Ex15.csproj", "{00289060-E6B2-4601-BFDA-2FB9D59C2DF5}"
EndProject
Project("{FAE04EC0-301F-11D3-BF4B-00C04F79EFBC}") = "Ex16", "Ex16\Ex16.csproj", "{37C31C14-3FA9-41C4-B8DD-0DCD61DE71C9}"
EndProject
Project("{FAE04EC0-301F-11D3-BF4B-00C04F79EFBC}") = "Ex18", "Ex18\Ex18.csproj", "{3C309979-16C3-43E5-94BB-B7D65BA1587E}"
EndProject
Project("{FAE04EC0-301F-11D3-BF4B-00C04F79EFBC}") = "Ex19", "Ex19\Ex19.csproj", "{161229B5-B117-4F9B-9D93-E2D76CCA870A}"
EndProject
Project("{FAE04EC0-301F-11D3-BF4B-00C04F79EFBC}") = "Ex20", "Ex20\Ex20.csproj", "{92092CBE-D143-494A-A344-F5F59D537DDF}"
EndProject
Project("{FAE04EC0-301F-11D3-BF4B-00C04F79EFBC}") = "Ex21", "Ex21\Ex21.csproj", "{37068004-B917-47A1-8FD7-B2199E56A3B8}"
EndProject
Project("{FAE04EC0-301F-11D3-BF4B-00C04F79EFBC}") = "Ex22", "Ex22\Ex22.csproj", "{F64C6278-80BB-47CD-9A53-F5B2494C8130}"
EndProject
Project("{FAE04EC0-301F-11D3-BF4B-00C04F79EFBC}") = "Ex23", "Ex23\Ex23.csproj", "{C6EAE555-354D-4783-9517-57B055D76AF8}"
EndProject
Project("{FAE04EC0-301F-11D3-BF4B-00C04F79EFBC}") = "Ex24", "Ex24\Ex24.csproj", "{2B62FB00-C9FF-4A4F-92A1-C02BC9BD64B2}"
EndProject
Project("{FAE04EC0-301F-11D3-BF4B-00C04F79EFBC}") = "Ex25", "Ex25\Ex25.csproj", "{50C3153D-A675-47A0-90DB-78D715623606}"
EndProject
Project("{FAE04EC0-301F-11D3-BF4B-00C04F79EFBC}") = "Ex26", "Ex26\Ex26.csproj", "{29F5A6D6-86EC-4FFA-A6F7-AE10073762EA}"
EndProject
Project("{FAE04EC0-301F-11D3-BF4B-00C04F79EFBC}") = "Ex27", "Ex27\Ex27.csproj", "{D31325D1-5F0A-4FE2-ACC7-C7BA1BE06A39}"
EndProject
Project("{FAE04EC0-301F-11D3-BF4B-00C04F79EFBC}") = "Ex28", "Ex28\Ex28.csproj", "{D7D7B020-E632-4AB2-88D9-3AC2BCF719D8}"
EndProject
Project("{FAE04EC0-301F-11D3-BF4B-00C04F79EFBC}") = "Ex29", "Ex29\Ex29.csproj", "{1FF2ACD5-6C8F-4DB6-BFC3-83FA59845153}"
EndProject
Project("{FAE04EC0-301F-11D3-BF4B-00C04F79EFBC}") = "Ex30", "Ex30\Ex30.csproj", "{D8E5BEDC-161A-41B0-8305-E7AD110C2F22}"
EndProject
Project("{FAE04EC0-301F-11D3-BF4B-00C04F79EFBC}") = "Ex31", "Ex31\Ex31.csproj", "{BFDAB1E5-8472-49FC-9AFC-9DB500BD1ADA}"
EndProject
Project("{FAE04EC0-301F-11D3-BF4B-00C04F79EFBC}") = "Ex32", "Ex32\Ex32.csproj", "{2ED7BB42-646E-43E3-82C5-C912AAD16DA1}"
EndProject
Project("{FAE04EC0-301F-11D3-BF4B-00C04F79EFBC}") = "Ex33", "Ex33\Ex33.csproj", "{59656CCF-32E2-4FBE-8BAA-9C6B997F0923}"
EndProject
Project("{FAE04EC0-301F-11D3-BF4B-00C04F79EFBC}") = "Ex34", "Ex34\Ex34.csproj", "{51598637-8F10-4CA5-8236-73AE3525174F}"
EndProject
Project("{FAE04EC0-301F-11D3-BF4B-00C04F79EFBC}") = "Ex35", "Ex35\Ex35.csproj", "{50DEBFA0-EAB0-47E9-93E5-6330629D60CE}"
EndProject
Project("{FAE04EC0-301F-11D3-BF4B-00C04F79EFBC}") = "Ex36", "Ex36\Ex36.csproj", "{B4C13342-3421-4152-AE03-21701E406460}"
EndProject
Project("{FAE04EC0-301F-11D3-BF4B-00C04F79EFBC}") = "Ex37", "Ex37\Ex37.csproj", "{EC8D128F-0CC9-45B7-9B41-F64A856E6DAF}"
EndProject
Global
	GlobalSection(SolutionConfigurationPlatforms) = preSolution
		Debug|Any CPU = Debug|Any CPU
		Release|Any CPU = Release|Any CPU
	EndGlobalSection
	GlobalSection(ProjectConfigurationPlatforms) = postSolution
		{2B7A0D0A-0A54-443A-8882-91F7CE9E0BAA}.Debug|Any CPU.ActiveCfg = Debug|Any CPU
		{2B7A0D0A-0A54-443A-8882-91F7CE9E0BAA}.Debug|Any CPU.Build.0 = Debug|Any CPU
		{2B7A0D0A-0A54-443A-8882-91F7CE9E0BAA}.Release|Any CPU.ActiveCfg = Release|Any CPU
		{2B7A0D0A-0A54-443A-8882-91F7CE9E0BAA}.Release|Any CPU.Build.0 = Release|Any CPU
		{30C0FE74-695D-4897-86D6-ECF105B50796}.Debug|Any CPU.ActiveCfg = Debug|Any CPU
		{30C0FE74-695D-4897-86D6-ECF105B50796}.Debug|Any CPU.Build.0 = Debug|Any CPU
		{30C0FE74-695D-4897-86D6-ECF105B50796}.Release|Any CPU.ActiveCfg = Release|Any CPU
		{30C0FE74-695D-4897-86D6-ECF105B50796}.Release|Any CPU.Build.0 = Release|Any CPU
		{038A7B69-D0AE-44DB-8009-BAE4BD3DCF97}.Debug|Any CPU.ActiveCfg = Debug|Any CPU
		{038A7B69-D0AE-44DB-8009-BAE4BD3DCF97}.Debug|Any CPU.Build.0 = Debug|Any CPU
		{038A7B69-D0AE-44DB-8009-BAE4BD3DCF97}.Release|Any CPU.ActiveCfg = Release|Any CPU
		{038A7B69-D0AE-44DB-8009-BAE4BD3DCF97}.Release|Any CPU.Build.0 = Release|Any CPU
		{4B6FC992-C7B6-4601-9711-C5A6662ADB30}.Debug|Any CPU.ActiveCfg = Debug|Any CPU
		{4B6FC992-C7B6-4601-9711-C5A6662ADB30}.Debug|Any CPU.Build.0 = Debug|Any CPU
		{4B6FC992-C7B6-4601-9711-C5A6662ADB30}.Release|Any CPU.ActiveCfg = Release|Any CPU
		{4B6FC992-C7B6-4601-9711-C5A6662ADB30}.Release|Any CPU.Build.0 = Release|Any CPU
		{457206C2-D313-427D-B086-08A915C03329}.Debug|Any CPU.ActiveCfg = Debug|Any CPU
		{457206C2-D313-427D-B086-08A915C03329}.Debug|Any CPU.Build.0 = Debug|Any CPU
		{457206C2-D313-427D-B086-08A915C03329}.Release|Any CPU.ActiveCfg = Release|Any CPU
		{457206C2-D313-427D-B086-08A915C03329}.Release|Any CPU.Build.0 = Release|Any CPU
		{8347439F-1203-416B-A56B-ADD30DBEEAD3}.Debug|Any CPU.ActiveCfg = Debug|Any CPU
		{8347439F-1203-416B-A56B-ADD30DBEEAD3}.Debug|Any CPU.Build.0 = Debug|Any CPU
		{8347439F-1203-416B-A56B-ADD30DBEEAD3}.Release|Any CPU.ActiveCfg = Release|Any CPU
		{8347439F-1203-416B-A56B-ADD30DBEEAD3}.Release|Any CPU.Build.0 = Release|Any CPU
		{86036C3F-F1A2-42BE-A194-7BA5C5AC2956}.Debug|Any CPU.ActiveCfg = Debug|Any CPU
		{86036C3F-F1A2-42BE-A194-7BA5C5AC2956}.Debug|Any CPU.Build.0 = Debug|Any CPU
		{86036C3F-F1A2-42BE-A194-7BA5C5AC2956}.Release|Any CPU.ActiveCfg = Release|Any CPU
		{86036C3F-F1A2-42BE-A194-7BA5C5AC2956}.Release|Any CPU.Build.0 = Release|Any CPU
		{2AC90D6A-D60B-4DD5-80C2-291CF4408181}.Debug|Any CPU.ActiveCfg = Debug|Any CPU
		{2AC90D6A-D60B-4DD5-80C2-291CF4408181}.Debug|Any CPU.Build.0 = Debug|Any CPU
		{2AC90D6A-D60B-4DD5-80C2-291CF4408181}.Release|Any CPU.ActiveCfg = Release|Any CPU
		{2AC90D6A-D60B-4DD5-80C2-291CF4408181}.Release|Any CPU.Build.0 = Release|Any CPU
		{788CAA03-67A5-402E-AFF0-3C710259D24B}.Debug|Any CPU.ActiveCfg = Debug|Any CPU
		{788CAA03-67A5-402E-AFF0-3C710259D24B}.Debug|Any CPU.Build.0 = Debug|Any CPU
		{788CAA03-67A5-402E-AFF0-3C710259D24B}.Release|Any CPU.ActiveCfg = Release|Any CPU
		{788CAA03-67A5-402E-AFF0-3C710259D24B}.Release|Any CPU.Build.0 = Release|Any CPU
		{7779AAAD-AA79-4E24-8D4F-3E3CF7B38FC8}.Debug|Any CPU.ActiveCfg = Debug|Any CPU
		{7779AAAD-AA79-4E24-8D4F-3E3CF7B38FC8}.Debug|Any CPU.Build.0 = Debug|Any CPU
		{7779AAAD-AA79-4E24-8D4F-3E3CF7B38FC8}.Release|Any CPU.ActiveCfg = Release|Any CPU
		{7779AAAD-AA79-4E24-8D4F-3E3CF7B38FC8}.Release|Any CPU.Build.0 = Release|Any CPU
		{99EF551A-A648-4136-8818-2E05FA80F778}.Debug|Any CPU.ActiveCfg = Debug|Any CPU
		{99EF551A-A648-4136-8818-2E05FA80F778}.Debug|Any CPU.Build.0 = Debug|Any CPU
		{99EF551A-A648-4136-8818-2E05FA80F778}.Release|Any CPU.ActiveCfg = Release|Any CPU
		{99EF551A-A648-4136-8818-2E05FA80F778}.Release|Any CPU.Build.0 = Release|Any CPU
		{32088175-19F7-418C-BBA9-997A1BA5E251}.Debug|Any CPU.ActiveCfg = Debug|Any CPU
		{32088175-19F7-418C-BBA9-997A1BA5E251}.Debug|Any CPU.Build.0 = Debug|Any CPU
		{32088175-19F7-418C-BBA9-997A1BA5E251}.Release|Any CPU.ActiveCfg = Release|Any CPU
		{32088175-19F7-418C-BBA9-997A1BA5E251}.Release|Any CPU.Build.0 = Release|Any CPU
		{FEF08B75-ABE1-4416-8570-0FEEE1968AAF}.Debug|Any CPU.ActiveCfg = Debug|Any CPU
		{FEF08B75-ABE1-4416-8570-0FEEE1968AAF}.Debug|Any CPU.Build.0 = Debug|Any CPU
		{FEF08B75-ABE1-4416-8570-0FEEE1968AAF}.Release|Any CPU.ActiveCfg = Release|Any CPU
		{FEF08B75-ABE1-4416-8570-0FEEE1968AAF}.Release|Any CPU.Build.0 = Release|Any CPU
		{B3899AAA-2DDF-4899-ADCF-F3027795BA75}.Debug|Any CPU.ActiveCfg = Debug|Any CPU
		{B3899AAA-2DDF-4899-ADCF-F3027795BA75}.Debug|Any CPU.Build.0 = Debug|Any CPU
		{B3899AAA-2DDF-4899-ADCF-F3027795BA75}.Release|Any CPU.ActiveCfg = Release|Any CPU
		{B3899AAA-2DDF-4899-ADCF-F3027795BA75}.Release|Any CPU.Build.0 = Release|Any CPU
		{7DE88FB8-8A70-4FA0-8E66-F5090F776B53}.Debug|Any CPU.ActiveCfg = Debug|Any CPU
		{7DE88FB8-8A70-4FA0-8E66-F5090F776B53}.Debug|Any CPU.Build.0 = Debug|Any CPU
		{7DE88FB8-8A70-4FA0-8E66-F5090F776B53}.Release|Any CPU.ActiveCfg = Release|Any CPU
		{7DE88FB8-8A70-4FA0-8E66-F5090F776B53}.Release|Any CPU.Build.0 = Release|Any CPU
		{00289060-E6B2-4601-BFDA-2FB9D59C2DF5}.Debug|Any CPU.ActiveCfg = Debug|Any CPU
		{00289060-E6B2-4601-BFDA-2FB9D59C2DF5}.Debug|Any CPU.Build.0 = Debug|Any CPU
		{00289060-E6B2-4601-BFDA-2FB9D59C2DF5}.Release|Any CPU.ActiveCfg = Release|Any CPU
		{00289060-E6B2-4601-BFDA-2FB9D59C2DF5}.Release|Any CPU.Build.0 = Release|Any CPU
		{37C31C14-3FA9-41C4-B8DD-0DCD61DE71C9}.Debug|Any CPU.ActiveCfg = Debug|Any CPU
		{37C31C14-3FA9-41C4-B8DD-0DCD61DE71C9}.Debug|Any CPU.Build.0 = Debug|Any CPU
		{37C31C14-3FA9-41C4-B8DD-0DCD61DE71C9}.Release|Any CPU.ActiveCfg = Release|Any CPU
		{37C31C14-3FA9-41C4-B8DD-0DCD61DE71C9}.Release|Any CPU.Build.0 = Release|Any CPU
		{3C309979-16C3-43E5-94BB-B7D65BA1587E}.Debug|Any CPU.ActiveCfg = Debug|Any CPU
		{3C309979-16C3-43E5-94BB-B7D65BA1587E}.Debug|Any CPU.Build.0 = Debug|Any CPU
		{3C309979-16C3-43E5-94BB-B7D65BA1587E}.Release|Any CPU.ActiveCfg = Release|Any CPU
		{3C309979-16C3-43E5-94BB-B7D65BA1587E}.Release|Any CPU.Build.0 = Release|Any CPU
		{161229B5-B117-4F9B-9D93-E2D76CCA870A}.Debug|Any CPU.ActiveCfg = Debug|Any CPU
		{161229B5-B117-4F9B-9D93-E2D76CCA870A}.Debug|Any CPU.Build.0 = Debug|Any CPU
		{161229B5-B117-4F9B-9D93-E2D76CCA870A}.Release|Any CPU.ActiveCfg = Release|Any CPU
		{161229B5-B117-4F9B-9D93-E2D76CCA870A}.Release|Any CPU.Build.0 = Release|Any CPU
		{92092CBE-D143-494A-A344-F5F59D537DDF}.Debug|Any CPU.ActiveCfg = Debug|Any CPU
		{92092CBE-D143-494A-A344-F5F59D537DDF}.Debug|Any CPU.Build.0 = Debug|Any CPU
		{92092CBE-D143-494A-A344-F5F59D537DDF}.Release|Any CPU.ActiveCfg = Release|Any CPU
		{92092CBE-D143-494A-A344-F5F59D537DDF}.Release|Any CPU.Build.0 = Release|Any CPU
		{37068004-B917-47A1-8FD7-B2199E56A3B8}.Debug|Any CPU.ActiveCfg = Debug|Any CPU
		{37068004-B917-47A1-8FD7-B2199E56A3B8}.Debug|Any CPU.Build.0 = Debug|Any CPU
		{37068004-B917-47A1-8FD7-B2199E56A3B8}.Release|Any CPU.ActiveCfg = Release|Any CPU
		{37068004-B917-47A1-8FD7-B2199E56A3B8}.Release|Any CPU.Build.0 = Release|Any CPU
		{F64C6278-80BB-47CD-9A53-F5B2494C8130}.Debug|Any CPU.ActiveCfg = Debug|Any CPU
		{F64C6278-80BB-47CD-9A53-F5B2494C8130}.Debug|Any CPU.Build.0 = Debug|Any CPU
		{F64C6278-80BB-47CD-9A53-F5B2494C8130}.Release|Any CPU.ActiveCfg = Release|Any CPU
		{F64C6278-80BB-47CD-9A53-F5B2494C8130}.Release|Any CPU.Build.0 = Release|Any CPU
		{C6EAE555-354D-4783-9517-57B055D76AF8}.Debug|Any CPU.ActiveCfg = Debug|Any CPU
		{C6EAE555-354D-4783-9517-57B055D76AF8}.Debug|Any CPU.Build.0 = Debug|Any CPU
		{C6EAE555-354D-4783-9517-57B055D76AF8}.Release|Any CPU.ActiveCfg = Release|Any CPU
		{C6EAE555-354D-4783-9517-57B055D76AF8}.Release|Any CPU.Build.0 = Release|Any CPU
		{2B62FB00-C9FF-4A4F-92A1-C02BC9BD64B2}.Debug|Any CPU.ActiveCfg = Debug|Any CPU
		{2B62FB00-C9FF-4A4F-92A1-C02BC9BD64B2}.Debug|Any CPU.Build.0 = Debug|Any CPU
		{2B62FB00-C9FF-4A4F-92A1-C02BC9BD64B2}.Release|Any CPU.ActiveCfg = Release|Any CPU
		{2B62FB00-C9FF-4A4F-92A1-C02BC9BD64B2}.Release|Any CPU.Build.0 = Release|Any CPU
		{50C3153D-A675-47A0-90DB-78D715623606}.Debug|Any CPU.ActiveCfg = Debug|Any CPU
		{50C3153D-A675-47A0-90DB-78D715623606}.Debug|Any CPU.Build.0 = Debug|Any CPU
		{50C3153D-A675-47A0-90DB-78D715623606}.Release|Any CPU.ActiveCfg = Release|Any CPU
		{50C3153D-A675-47A0-90DB-78D715623606}.Release|Any CPU.Build.0 = Release|Any CPU
		{29F5A6D6-86EC-4FFA-A6F7-AE10073762EA}.Debug|Any CPU.ActiveCfg = Debug|Any CPU
		{29F5A6D6-86EC-4FFA-A6F7-AE10073762EA}.Debug|Any CPU.Build.0 = Debug|Any CPU
		{29F5A6D6-86EC-4FFA-A6F7-AE10073762EA}.Release|Any CPU.ActiveCfg = Release|Any CPU
		{29F5A6D6-86EC-4FFA-A6F7-AE10073762EA}.Release|Any CPU.Build.0 = Release|Any CPU
		{D31325D1-5F0A-4FE2-ACC7-C7BA1BE06A39}.Debug|Any CPU.ActiveCfg = Debug|Any CPU
		{D31325D1-5F0A-4FE2-ACC7-C7BA1BE06A39}.Debug|Any CPU.Build.0 = Debug|Any CPU
		{D31325D1-5F0A-4FE2-ACC7-C7BA1BE06A39}.Release|Any CPU.ActiveCfg = Release|Any CPU
		{D31325D1-5F0A-4FE2-ACC7-C7BA1BE06A39}.Release|Any CPU.Build.0 = Release|Any CPU
		{D7D7B020-E632-4AB2-88D9-3AC2BCF719D8}.Debug|Any CPU.ActiveCfg = Debug|Any CPU
		{D7D7B020-E632-4AB2-88D9-3AC2BCF719D8}.Debug|Any CPU.Build.0 = Debug|Any CPU
		{D7D7B020-E632-4AB2-88D9-3AC2BCF719D8}.Release|Any CPU.ActiveCfg = Release|Any CPU
		{D7D7B020-E632-4AB2-88D9-3AC2BCF719D8}.Release|Any CPU.Build.0 = Release|Any CPU
		{1FF2ACD5-6C8F-4DB6-BFC3-83FA59845153}.Debug|Any CPU.ActiveCfg = Debug|Any CPU
		{1FF2ACD5-6C8F-4DB6-BFC3-83FA59845153}.Debug|Any CPU.Build.0 = Debug|Any CPU
		{1FF2ACD5-6C8F-4DB6-BFC3-83FA59845153}.Release|Any CPU.ActiveCfg = Release|Any CPU
		{1FF2ACD5-6C8F-4DB6-BFC3-83FA59845153}.Release|Any CPU.Build.0 = Release|Any CPU
		{D8E5BEDC-161A-41B0-8305-E7AD110C2F22}.Debug|Any CPU.ActiveCfg = Debug|Any CPU
		{D8E5BEDC-161A-41B0-8305-E7AD110C2F22}.Debug|Any CPU.Build.0 = Debug|Any CPU
		{D8E5BEDC-161A-41B0-8305-E7AD110C2F22}.Release|Any CPU.ActiveCfg = Release|Any CPU
		{D8E5BEDC-161A-41B0-8305-E7AD110C2F22}.Release|Any CPU.Build.0 = Release|Any CPU
		{BFDAB1E5-8472-49FC-9AFC-9DB500BD1ADA}.Debug|Any CPU.ActiveCfg = Debug|Any CPU
		{BFDAB1E5-8472-49FC-9AFC-9DB500BD1ADA}.Debug|Any CPU.Build.0 = Debug|Any CPU
		{BFDAB1E5-8472-49FC-9AFC-9DB500BD1ADA}.Release|Any CPU.ActiveCfg = Release|Any CPU
		{BFDAB1E5-8472-49FC-9AFC-9DB500BD1ADA}.Release|Any CPU.Build.0 = Release|Any CPU
		{2ED7BB42-646E-43E3-82C5-C912AAD16DA1}.Debug|Any CPU.ActiveCfg = Debug|Any CPU
		{2ED7BB42-646E-43E3-82C5-C912AAD16DA1}.Debug|Any CPU.Build.0 = Debug|Any CPU
		{2ED7BB42-646E-43E3-82C5-C912AAD16DA1}.Release|Any CPU.ActiveCfg = Release|Any CPU
		{2ED7BB42-646E-43E3-82C5-C912AAD16DA1}.Release|Any CPU.Build.0 = Release|Any CPU
		{59656CCF-32E2-4FBE-8BAA-9C6B997F0923}.Debug|Any CPU.ActiveCfg = Debug|Any CPU
		{59656CCF-32E2-4FBE-8BAA-9C6B997F0923}.Debug|Any CPU.Build.0 = Debug|Any CPU
		{59656CCF-32E2-4FBE-8BAA-9C6B997F0923}.Release|Any CPU.ActiveCfg = Release|Any CPU
		{59656CCF-32E2-4FBE-8BAA-9C6B997F0923}.Release|Any CPU.Build.0 = Release|Any CPU
		{51598637-8F10-4CA5-8236-73AE3525174F}.Debug|Any CPU.ActiveCfg = Debug|Any CPU
		{51598637-8F10-4CA5-8236-73AE3525174F}.Debug|Any CPU.Build.0 = Debug|Any CPU
		{51598637-8F10-4CA5-8236-73AE3525174F}.Release|Any CPU.ActiveCfg = Release|Any CPU
		{51598637-8F10-4CA5-8236-73AE3525174F}.Release|Any CPU.Build.0 = Release|Any CPU
		{50DEBFA0-EAB0-47E9-93E5-6330629D60CE}.Debug|Any CPU.ActiveCfg = Debug|Any CPU
		{50DEBFA0-EAB0-47E9-93E5-6330629D60CE}.Debug|Any CPU.Build.0 = Debug|Any CPU
		{50DEBFA0-EAB0-47E9-93E5-6330629D60CE}.Release|Any CPU.ActiveCfg = Release|Any CPU
		{50DEBFA0-EAB0-47E9-93E5-6330629D60CE}.Release|Any CPU.Build.0 = Release|Any CPU
		{B4C13342-3421-4152-AE03-21701E406460}.Debug|Any CPU.ActiveCfg = Debug|Any CPU
		{B4C13342-3421-4152-AE03-21701E406460}.Debug|Any CPU.Build.0 = Debug|Any CPU
		{B4C13342-3421-4152-AE03-21701E406460}.Release|Any CPU.ActiveCfg = Release|Any CPU
		{B4C13342-3421-4152-AE03-21701E406460}.Release|Any CPU.Build.0 = Release|Any CPU
		{EC8D128F-0CC9-45B7-9B41-F64A856E6DAF}.Debug|Any CPU.ActiveCfg = Debug|Any CPU
		{EC8D128F-0CC9-45B7-9B41-F64A856E6DAF}.Debug|Any CPU.Build.0 = Debug|Any CPU
		{EC8D128F-0CC9-45B7-9B41-F64A856E6DAF}.Release|Any CPU.ActiveCfg = Release|Any CPU
		{EC8D128F-0CC9-45B7-9B41-F64A856E6DAF}.Release|Any CPU.Build.0 = Release|Any CPU
	EndGlobalSection
	GlobalSection(SolutionProperties) = preSolution
		HideSolutionNode = FALSE
	EndGlobalSection
EndGlobal
