
Microsoft Visual Studio Solution File, Format Version 12.00
# Visual Studio Version 17
VisualStudioVersion = 17.0.31903.59
MinimumVisualStudioVersion = 10.0.40219.1
Project("{FAE04EC0-301F-11D3-BF4B-00C04F79EFBC}") = "Ex01", "Ex01\Ex01.csproj", "{2B7A0D0A-0A54-443A-8882-91F7CE9E0BAA}"
EndProject
Project("{FAE04EC0-301F-11D3-BF4B-00C04F79EFBC}") = "Ex02", "Ex02\Ex02.csproj", "{30C0FE74-695D-4897-86D6-ECF105B50796}"
EndProject
Global
	GlobalSection(SolutionConfigurationPlatforms) = preSolution
		Debug|Any CPU = Debug|Any CPU
		Release|Any CPU = Release|Any CPU
	EndGlobalSection
	GlobalSection(ProjectConfigurationPlatforms) = postSolution
		{2B7A0D0A-0A54-443A-8882-91F7CE9E0BAA}.Debug|Any CPU.ActiveCfg = Debug|Any CPU
		{2B7A0D0A-0A54-443A-8882-91F7CE9E0BAA}.Debug|Any CPU.Build.0 = Debug|Any CPU
		{2B7A0D0A-0A54-443A-8882-91F7CE9E0BAA}.Release|Any CPU.ActiveCfg = Release|Any CPU
		{2B7A0D0A-0A54-443A-8882-91F7CE9E0BAA}.Release|Any CPU.Build.0 = Release|Any CPU
		{30C0FE74-695D-4897-86D6-ECF105B50796}.Debug|Any CPU.ActiveCfg = Debug|Any CPU
		{30C0FE74-695D-4897-86D6-ECF105B50796}.Debug|Any CPU.Build.0 = Debug|Any CPU
		{30C0FE74-695D-4897-86D6-ECF105B50796}.Release|Any CPU.ActiveCfg = Release|Any CPU
		{30C0FE74-695D-4897-86D6-ECF105B50796}.Release|Any CPU.Build.0 = Release|Any CPU
	EndGlobalSection
	GlobalSection(SolutionProperties) = preSolution
		HideSolutionNode = FALSE
	EndGlobalSection
EndGlobal
