
Microsoft Visual Studio Solution File, Format Version 12.00
# Visual Studio Version 17
VisualStudioVersion = 17.0.31903.59
MinimumVisualStudioVersion = 10.0.40219.1
Project("{FAE04EC0-301F-11D3-BF4B-00C04F79EFBC}") = "Ex1", "Ex1\Ex1.csproj", "{1E59BC3A-784F-4445-ACD3-33E52EE032DE}"
EndProject
Project("{FAE04EC0-301F-11D3-BF4B-00C04F79EFBC}") = "Ex2", "Ex2\Ex2.csproj", "{94669192-02A0-4A73-9C2D-7FF7F0AD15BA}"
EndProject
Project("{FAE04EC0-301F-11D3-BF4B-00C04F79EFBC}") = "Ex3", "Ex3\Ex3.csproj", "{D54AA558-76A0-4792-8236-BDC022BDEC2C}"
EndProject
Project("{FAE04EC0-301F-11D3-BF4B-00C04F79EFBC}") = "Ex4", "Ex4\Ex4.csproj", "{4D7B31BF-B2D5-431D-8329-08357EBCB2B1}"
EndProject
Project("{FAE04EC0-301F-11D3-BF4B-00C04F79EFBC}") = "Ex5", "Ex5\Ex5.csproj", "{B7E49ABE-2E4F-4303-AC65-A4482371EE1C}"
EndProject
Global
	GlobalSection(SolutionConfigurationPlatforms) = preSolution
		Debug|Any CPU = Debug|Any CPU
		Release|Any CPU = Release|Any CPU
	EndGlobalSection
	GlobalSection(SolutionProperties) = preSolution
		HideSolutionNode = FALSE
	EndGlobalSection
	GlobalSection(ProjectConfigurationPlatforms) = postSolution
		{1E59BC3A-784F-4445-ACD3-33E52EE032DE}.Debug|Any CPU.ActiveCfg = Debug|Any CPU
		{1E59BC3A-784F-4445-ACD3-33E52EE032DE}.Debug|Any CPU.Build.0 = Debug|Any CPU
		{1E59BC3A-784F-4445-ACD3-33E52EE032DE}.Release|Any CPU.ActiveCfg = Release|Any CPU
		{1E59BC3A-784F-4445-ACD3-33E52EE032DE}.Release|Any CPU.Build.0 = Release|Any CPU
		{94669192-02A0-4A73-9C2D-7FF7F0AD15BA}.Debug|Any CPU.ActiveCfg = Debug|Any CPU
		{94669192-02A0-4A73-9C2D-7FF7F0AD15BA}.Debug|Any CPU.Build.0 = Debug|Any CPU
		{94669192-02A0-4A73-9C2D-7FF7F0AD15BA}.Release|Any CPU.ActiveCfg = Release|Any CPU
		{94669192-02A0-4A73-9C2D-7FF7F0AD15BA}.Release|Any CPU.Build.0 = Release|Any CPU
		{D54AA558-76A0-4792-8236-BDC022BDEC2C}.Debug|Any CPU.ActiveCfg = Debug|Any CPU
		{D54AA558-76A0-4792-8236-BDC022BDEC2C}.Debug|Any CPU.Build.0 = Debug|Any CPU
		{D54AA558-76A0-4792-8236-BDC022BDEC2C}.Release|Any CPU.ActiveCfg = Release|Any CPU
		{D54AA558-76A0-4792-8236-BDC022BDEC2C}.Release|Any CPU.Build.0 = Release|Any CPU
		{4D7B31BF-B2D5-431D-8329-08357EBCB2B1}.Debug|Any CPU.ActiveCfg = Debug|Any CPU
		{4D7B31BF-B2D5-431D-8329-08357EBCB2B1}.Debug|Any CPU.Build.0 = Debug|Any CPU
		{4D7B31BF-B2D5-431D-8329-08357EBCB2B1}.Release|Any CPU.ActiveCfg = Release|Any CPU
		{4D7B31BF-B2D5-431D-8329-08357EBCB2B1}.Release|Any CPU.Build.0 = Release|Any CPU
		{B7E49ABE-2E4F-4303-AC65-A4482371EE1C}.Debug|Any CPU.ActiveCfg = Debug|Any CPU
		{B7E49ABE-2E4F-4303-AC65-A4482371EE1C}.Debug|Any CPU.Build.0 = Debug|Any CPU
		{B7E49ABE-2E4F-4303-AC65-A4482371EE1C}.Release|Any CPU.ActiveCfg = Release|Any CPU
		{B7E49ABE-2E4F-4303-AC65-A4482371EE1C}.Release|Any CPU.Build.0 = Release|Any CPU
	EndGlobalSection
EndGlobal
