
Microsoft Visual Studio Solution File, Format Version 12.00
# Visual Studio Version 17
VisualStudioVersion = 17.0.31903.59
MinimumVisualStudioVersion = 10.0.40219.1
Project("{FAE04EC0-301F-11D3-BF4B-00C04F79EFBC}") = "Ex1", "Ex1\Ex1.csproj", "{0A012C2F-84EE-45AB-9780-0EB238FFD5B1}"
EndProject
Project("{FAE04EC0-301F-11D3-BF4B-00C04F79EFBC}") = "Ex2", "Ex2\Ex2.csproj", "{DDDE3EA1-6657-467C-BC18-E44EFE591A4C}"
EndProject
Project("{FAE04EC0-301F-11D3-BF4B-00C04F79EFBC}") = "Ex3", "Ex3\Ex3.csproj", "{5BDA8F9C-0227-4122-9BAC-A5AE07D34112}"
EndProject
Project("{FAE04EC0-301F-11D3-BF4B-00C04F79EFBC}") = "Ex4", "Ex4\Ex4.csproj", "{B70DF104-FBFC-412F-B3CE-9DF5318AFE2F}"
EndProject
Global
	GlobalSection(SolutionConfigurationPlatforms) = preSolution
		Debug|Any CPU = Debug|Any CPU
		Release|Any CPU = Release|Any CPU
	EndGlobalSection
	GlobalSection(SolutionProperties) = preSolution
		HideSolutionNode = FALSE
	EndGlobalSection
	GlobalSection(ProjectConfigurationPlatforms) = postSolution
		{0A012C2F-84EE-45AB-9780-0EB238FFD5B1}.Debug|Any CPU.ActiveCfg = Debug|Any CPU
		{0A012C2F-84EE-45AB-9780-0EB238FFD5B1}.Debug|Any CPU.Build.0 = Debug|Any CPU
		{0A012C2F-84EE-45AB-9780-0EB238FFD5B1}.Release|Any CPU.ActiveCfg = Release|Any CPU
		{0A012C2F-84EE-45AB-9780-0EB238FFD5B1}.Release|Any CPU.Build.0 = Release|Any CPU
		{DDDE3EA1-6657-467C-BC18-E44EFE591A4C}.Debug|Any CPU.ActiveCfg = Debug|Any CPU
		{DDDE3EA1-6657-467C-BC18-E44EFE591A4C}.Debug|Any CPU.Build.0 = Debug|Any CPU
		{DDDE3EA1-6657-467C-BC18-E44EFE591A4C}.Release|Any CPU.ActiveCfg = Release|Any CPU
		{DDDE3EA1-6657-467C-BC18-E44EFE591A4C}.Release|Any CPU.Build.0 = Release|Any CPU
		{5BDA8F9C-0227-4122-9BAC-A5AE07D34112}.Debug|Any CPU.ActiveCfg = Debug|Any CPU
		{5BDA8F9C-0227-4122-9BAC-A5AE07D34112}.Debug|Any CPU.Build.0 = Debug|Any CPU
		{5BDA8F9C-0227-4122-9BAC-A5AE07D34112}.Release|Any CPU.ActiveCfg = Release|Any CPU
		{5BDA8F9C-0227-4122-9BAC-A5AE07D34112}.Release|Any CPU.Build.0 = Release|Any CPU
		{B70DF104-FBFC-412F-B3CE-9DF5318AFE2F}.Debug|Any CPU.ActiveCfg = Debug|Any CPU
		{B70DF104-FBFC-412F-B3CE-9DF5318AFE2F}.Debug|Any CPU.Build.0 = Debug|Any CPU
		{B70DF104-FBFC-412F-B3CE-9DF5318AFE2F}.Release|Any CPU.ActiveCfg = Release|Any CPU
		{B70DF104-FBFC-412F-B3CE-9DF5318AFE2F}.Release|Any CPU.Build.0 = Release|Any CPU
	EndGlobalSection
EndGlobal
