
Microsoft Visual Studio Solution File, Format Version 12.00
# Visual Studio Version 17
VisualStudioVersion = 17.0.31903.59
MinimumVisualStudioVersion = 10.0.40219.1
Project("{FAE04EC0-301F-11D3-BF4B-00C04F79EFBC}") = "Ex1", "Ex1\Ex1.csproj", "{0A012C2F-84EE-45AB-9780-0EB238FFD5B1}"
EndProject
Project("{FAE04EC0-301F-11D3-BF4B-00C04F79EFBC}") = "Ex2", "Ex2\Ex2.csproj", "{DDDE3EA1-6657-467C-BC18-E44EFE591A4C}"
EndProject
Project("{FAE04EC0-301F-11D3-BF4B-00C04F79EFBC}") = "Ex3", "Ex3\Ex3.csproj", "{5BDA8F9C-0227-4122-9BAC-A5AE07D34112}"
EndProject
Project("{FAE04EC0-301F-11D3-BF4B-00C04F79EFBC}") = "Ex4", "Ex4\Ex4.csproj", "{B70DF104-FBFC-412F-B3CE-9DF5318AFE2F}"
EndProject
Project("{FAE04EC0-301F-11D3-BF4B-00C04F79EFBC}") = "Ex5", "Ex5\Ex5.csproj", "{6CB507C1-652C-4DCA-9BC9-975BA58578E1}"
EndProject
Project("{FAE04EC0-301F-11D3-BF4B-00C04F79EFBC}") = "Ex6", "Ex6\Ex6.csproj", "{C22EFB72-5B82-4ACF-BC72-F099FF942555}"
EndProject
Project("{FAE04EC0-301F-11D3-BF4B-00C04F79EFBC}") = "Ex7", "Ex7\Ex7.csproj", "{125F2A3D-4CF2-4D6E-9EF2-102A3CD5912F}"
EndProject
Project("{FAE04EC0-301F-11D3-BF4B-00C04F79EFBC}") = "Ex8", "Ex8\Ex8.csproj", "{1147CA84-11AC-4A25-B432-392ECC39C9E6}"
EndProject
Project("{FAE04EC0-301F-11D3-BF4B-00C04F79EFBC}") = "Ex9", "Ex9\Ex9.csproj", "{9A02F157-6974-4D76-B692-2FCA04B58B01}"
EndProject
Project("{FAE04EC0-301F-11D3-BF4B-00C04F79EFBC}") = "Ex10", "Ex10\Ex10.csproj", "{1BBF1B00-B47E-49AD-94B8-212D9A64B359}"
EndProject
Project("{FAE04EC0-301F-11D3-BF4B-00C04F79EFBC}") = "Ex11", "Ex11\Ex11.csproj", "{E23CD094-CD4D-4CB4-8E23-052FD6BA3ECC}"
EndProject
Project("{FAE04EC0-301F-11D3-BF4B-00C04F79EFBC}") = "Ex12", "Ex12\Ex12.csproj", "{73B495DB-0A90-423B-B51B-718E742FFFD1}"
EndProject
Project("{FAE04EC0-301F-11D3-BF4B-00C04F79EFBC}") = "Ex13", "Ex13\Ex13.csproj", "{59B338A6-2BFE-4CC4-BEDC-C9729E581F8C}"
EndProject
Project("{FAE04EC0-301F-11D3-BF4B-00C04F79EFBC}") = "Ex14", "Ex14\Ex14.csproj", "{36301EE9-A9D0-488C-9C77-52BE6DFF3116}"
EndProject
Project("{FAE04EC0-301F-11D3-BF4B-00C04F79EFBC}") = "Ex15", "Ex15\Ex15.csproj", "{68345587-207F-4972-9BC6-B91B7C813A2B}"
EndProject
Project("{FAE04EC0-301F-11D3-BF4B-00C04F79EFBC}") = "Ex16", "Ex16\Ex16.csproj", "{D50F7878-BC3E-400C-9F58-5BD8684CEBCB}"
EndProject
Project("{FAE04EC0-301F-11D3-BF4B-00C04F79EFBC}") = "Ex17", "Ex17\Ex17.csproj", "{C28DB1EB-278F-4CBA-B87D-7702B9612D1D}"
EndProject
Project("{FAE04EC0-301F-11D3-BF4B-00C04F79EFBC}") = "Ex18", "Ex18\Ex18.csproj", "{FBB31AA1-C7FF-4E78-A8C1-8966945CB288}"
EndProject
Project("{FAE04EC0-301F-11D3-BF4B-00C04F79EFBC}") = "Ex19", "Ex19\Ex19.csproj", "{EFAE73E6-33E9-47C3-843F-E5C2C58849C7}"
EndProject
Project("{FAE04EC0-301F-11D3-BF4B-00C04F79EFBC}") = "Ex20", "Ex20\Ex20.csproj", "{0547BBA4-EC56-48B6-BC87-0FA0346B6022}"
EndProject
Project("{FAE04EC0-301F-11D3-BF4B-00C04F79EFBC}") = "Ex21", "Ex21\Ex21.csproj", "{E900AB9D-AE3A-4B20-9566-3E4899B9E501}"
EndProject
Project("{FAE04EC0-301F-11D3-BF4B-00C04F79EFBC}") = "Ex22", "Ex22\Ex22.csproj", "{50FF9F6D-608B-4455-97B3-D4C9541C0484}"
EndProject
Project("{FAE04EC0-301F-11D3-BF4B-00C04F79EFBC}") = "Ex23", "Ex23\Ex23.csproj", "{D07919AF-9EB9-47FD-AA39-036C422CA28C}"
EndProject
Global
	GlobalSection(SolutionConfigurationPlatforms) = preSolution
		Debug|Any CPU = Debug|Any CPU
		Release|Any CPU = Release|Any CPU
	EndGlobalSection
	GlobalSection(SolutionProperties) = preSolution
		HideSolutionNode = FALSE
	EndGlobalSection
	GlobalSection(ProjectConfigurationPlatforms) = postSolution
		{0A012C2F-84EE-45AB-9780-0EB238FFD5B1}.Debug|Any CPU.ActiveCfg = Debug|Any CPU
		{0A012C2F-84EE-45AB-9780-0EB238FFD5B1}.Debug|Any CPU.Build.0 = Debug|Any CPU
		{0A012C2F-84EE-45AB-9780-0EB238FFD5B1}.Release|Any CPU.ActiveCfg = Release|Any CPU
		{0A012C2F-84EE-45AB-9780-0EB238FFD5B1}.Release|Any CPU.Build.0 = Release|Any CPU
		{DDDE3EA1-6657-467C-BC18-E44EFE591A4C}.Debug|Any CPU.ActiveCfg = Debug|Any CPU
		{DDDE3EA1-6657-467C-BC18-E44EFE591A4C}.Debug|Any CPU.Build.0 = Debug|Any CPU
		{DDDE3EA1-6657-467C-BC18-E44EFE591A4C}.Release|Any CPU.ActiveCfg = Release|Any CPU
		{DDDE3EA1-6657-467C-BC18-E44EFE591A4C}.Release|Any CPU.Build.0 = Release|Any CPU
		{5BDA8F9C-0227-4122-9BAC-A5AE07D34112}.Debug|Any CPU.ActiveCfg = Debug|Any CPU
		{5BDA8F9C-0227-4122-9BAC-A5AE07D34112}.Debug|Any CPU.Build.0 = Debug|Any CPU
		{5BDA8F9C-0227-4122-9BAC-A5AE07D34112}.Release|Any CPU.ActiveCfg = Release|Any CPU
		{5BDA8F9C-0227-4122-9BAC-A5AE07D34112}.Release|Any CPU.Build.0 = Release|Any CPU
		{B70DF104-FBFC-412F-B3CE-9DF5318AFE2F}.Debug|Any CPU.ActiveCfg = Debug|Any CPU
		{B70DF104-FBFC-412F-B3CE-9DF5318AFE2F}.Debug|Any CPU.Build.0 = Debug|Any CPU
		{B70DF104-FBFC-412F-B3CE-9DF5318AFE2F}.Release|Any CPU.ActiveCfg = Release|Any CPU
		{B70DF104-FBFC-412F-B3CE-9DF5318AFE2F}.Release|Any CPU.Build.0 = Release|Any CPU
		{6CB507C1-652C-4DCA-9BC9-975BA58578E1}.Debug|Any CPU.ActiveCfg = Debug|Any CPU
		{6CB507C1-652C-4DCA-9BC9-975BA58578E1}.Debug|Any CPU.Build.0 = Debug|Any CPU
		{6CB507C1-652C-4DCA-9BC9-975BA58578E1}.Release|Any CPU.ActiveCfg = Release|Any CPU
		{6CB507C1-652C-4DCA-9BC9-975BA58578E1}.Release|Any CPU.Build.0 = Release|Any CPU
		{C22EFB72-5B82-4ACF-BC72-F099FF942555}.Debug|Any CPU.ActiveCfg = Debug|Any CPU
		{C22EFB72-5B82-4ACF-BC72-F099FF942555}.Debug|Any CPU.Build.0 = Debug|Any CPU
		{C22EFB72-5B82-4ACF-BC72-F099FF942555}.Release|Any CPU.ActiveCfg = Release|Any CPU
		{C22EFB72-5B82-4ACF-BC72-F099FF942555}.Release|Any CPU.Build.0 = Release|Any CPU
		{125F2A3D-4CF2-4D6E-9EF2-102A3CD5912F}.Debug|Any CPU.ActiveCfg = Debug|Any CPU
		{125F2A3D-4CF2-4D6E-9EF2-102A3CD5912F}.Debug|Any CPU.Build.0 = Debug|Any CPU
		{125F2A3D-4CF2-4D6E-9EF2-102A3CD5912F}.Release|Any CPU.ActiveCfg = Release|Any CPU
		{125F2A3D-4CF2-4D6E-9EF2-102A3CD5912F}.Release|Any CPU.Build.0 = Release|Any CPU
		{1147CA84-11AC-4A25-B432-392ECC39C9E6}.Debug|Any CPU.ActiveCfg = Debug|Any CPU
		{1147CA84-11AC-4A25-B432-392ECC39C9E6}.Debug|Any CPU.Build.0 = Debug|Any CPU
		{1147CA84-11AC-4A25-B432-392ECC39C9E6}.Release|Any CPU.ActiveCfg = Release|Any CPU
		{1147CA84-11AC-4A25-B432-392ECC39C9E6}.Release|Any CPU.Build.0 = Release|Any CPU
		{9A02F157-6974-4D76-B692-2FCA04B58B01}.Debug|Any CPU.ActiveCfg = Debug|Any CPU
		{9A02F157-6974-4D76-B692-2FCA04B58B01}.Debug|Any CPU.Build.0 = Debug|Any CPU
		{9A02F157-6974-4D76-B692-2FCA04B58B01}.Release|Any CPU.ActiveCfg = Release|Any CPU
		{9A02F157-6974-4D76-B692-2FCA04B58B01}.Release|Any CPU.Build.0 = Release|Any CPU
		{1BBF1B00-B47E-49AD-94B8-212D9A64B359}.Debug|Any CPU.ActiveCfg = Debug|Any CPU
		{1BBF1B00-B47E-49AD-94B8-212D9A64B359}.Debug|Any CPU.Build.0 = Debug|Any CPU
		{1BBF1B00-B47E-49AD-94B8-212D9A64B359}.Release|Any CPU.ActiveCfg = Release|Any CPU
		{1BBF1B00-B47E-49AD-94B8-212D9A64B359}.Release|Any CPU.Build.0 = Release|Any CPU
		{E23CD094-CD4D-4CB4-8E23-052FD6BA3ECC}.Debug|Any CPU.ActiveCfg = Debug|Any CPU
		{E23CD094-CD4D-4CB4-8E23-052FD6BA3ECC}.Debug|Any CPU.Build.0 = Debug|Any CPU
		{E23CD094-CD4D-4CB4-8E23-052FD6BA3ECC}.Release|Any CPU.ActiveCfg = Release|Any CPU
		{E23CD094-CD4D-4CB4-8E23-052FD6BA3ECC}.Release|Any CPU.Build.0 = Release|Any CPU
		{73B495DB-0A90-423B-B51B-718E742FFFD1}.Debug|Any CPU.ActiveCfg = Debug|Any CPU
		{73B495DB-0A90-423B-B51B-718E742FFFD1}.Debug|Any CPU.Build.0 = Debug|Any CPU
		{73B495DB-0A90-423B-B51B-718E742FFFD1}.Release|Any CPU.ActiveCfg = Release|Any CPU
		{73B495DB-0A90-423B-B51B-718E742FFFD1}.Release|Any CPU.Build.0 = Release|Any CPU
		{59B338A6-2BFE-4CC4-BEDC-C9729E581F8C}.Debug|Any CPU.ActiveCfg = Debug|Any CPU
		{59B338A6-2BFE-4CC4-BEDC-C9729E581F8C}.Debug|Any CPU.Build.0 = Debug|Any CPU
		{59B338A6-2BFE-4CC4-BEDC-C9729E581F8C}.Release|Any CPU.ActiveCfg = Release|Any CPU
		{59B338A6-2BFE-4CC4-BEDC-C9729E581F8C}.Release|Any CPU.Build.0 = Release|Any CPU
		{36301EE9-A9D0-488C-9C77-52BE6DFF3116}.Debug|Any CPU.ActiveCfg = Debug|Any CPU
		{36301EE9-A9D0-488C-9C77-52BE6DFF3116}.Debug|Any CPU.Build.0 = Debug|Any CPU
		{36301EE9-A9D0-488C-9C77-52BE6DFF3116}.Release|Any CPU.ActiveCfg = Release|Any CPU
		{36301EE9-A9D0-488C-9C77-52BE6DFF3116}.Release|Any CPU.Build.0 = Release|Any CPU
		{68345587-207F-4972-9BC6-B91B7C813A2B}.Debug|Any CPU.ActiveCfg = Debug|Any CPU
		{68345587-207F-4972-9BC6-B91B7C813A2B}.Debug|Any CPU.Build.0 = Debug|Any CPU
		{68345587-207F-4972-9BC6-B91B7C813A2B}.Release|Any CPU.ActiveCfg = Release|Any CPU
		{68345587-207F-4972-9BC6-B91B7C813A2B}.Release|Any CPU.Build.0 = Release|Any CPU
		{D50F7878-BC3E-400C-9F58-5BD8684CEBCB}.Debug|Any CPU.ActiveCfg = Debug|Any CPU
		{D50F7878-BC3E-400C-9F58-5BD8684CEBCB}.Debug|Any CPU.Build.0 = Debug|Any CPU
		{D50F7878-BC3E-400C-9F58-5BD8684CEBCB}.Release|Any CPU.ActiveCfg = Release|Any CPU
		{D50F7878-BC3E-400C-9F58-5BD8684CEBCB}.Release|Any CPU.Build.0 = Release|Any CPU
		{C28DB1EB-278F-4CBA-B87D-7702B9612D1D}.Debug|Any CPU.ActiveCfg = Debug|Any CPU
		{C28DB1EB-278F-4CBA-B87D-7702B9612D1D}.Debug|Any CPU.Build.0 = Debug|Any CPU
		{C28DB1EB-278F-4CBA-B87D-7702B9612D1D}.Release|Any CPU.ActiveCfg = Release|Any CPU
		{C28DB1EB-278F-4CBA-B87D-7702B9612D1D}.Release|Any CPU.Build.0 = Release|Any CPU
		{FBB31AA1-C7FF-4E78-A8C1-8966945CB288}.Debug|Any CPU.ActiveCfg = Debug|Any CPU
		{FBB31AA1-C7FF-4E78-A8C1-8966945CB288}.Debug|Any CPU.Build.0 = Debug|Any CPU
		{FBB31AA1-C7FF-4E78-A8C1-8966945CB288}.Release|Any CPU.ActiveCfg = Release|Any CPU
		{FBB31AA1-C7FF-4E78-A8C1-8966945CB288}.Release|Any CPU.Build.0 = Release|Any CPU
		{EFAE73E6-33E9-47C3-843F-E5C2C58849C7}.Debug|Any CPU.ActiveCfg = Debug|Any CPU
		{EFAE73E6-33E9-47C3-843F-E5C2C58849C7}.Debug|Any CPU.Build.0 = Debug|Any CPU
		{EFAE73E6-33E9-47C3-843F-E5C2C58849C7}.Release|Any CPU.ActiveCfg = Release|Any CPU
		{EFAE73E6-33E9-47C3-843F-E5C2C58849C7}.Release|Any CPU.Build.0 = Release|Any CPU
		{0547BBA4-EC56-48B6-BC87-0FA0346B6022}.Debug|Any CPU.ActiveCfg = Debug|Any CPU
		{0547BBA4-EC56-48B6-BC87-0FA0346B6022}.Debug|Any CPU.Build.0 = Debug|Any CPU
		{0547BBA4-EC56-48B6-BC87-0FA0346B6022}.Release|Any CPU.ActiveCfg = Release|Any CPU
		{0547BBA4-EC56-48B6-BC87-0FA0346B6022}.Release|Any CPU.Build.0 = Release|Any CPU
		{E900AB9D-AE3A-4B20-9566-3E4899B9E501}.Debug|Any CPU.ActiveCfg = Debug|Any CPU
		{E900AB9D-AE3A-4B20-9566-3E4899B9E501}.Debug|Any CPU.Build.0 = Debug|Any CPU
		{E900AB9D-AE3A-4B20-9566-3E4899B9E501}.Release|Any CPU.ActiveCfg = Release|Any CPU
		{E900AB9D-AE3A-4B20-9566-3E4899B9E501}.Release|Any CPU.Build.0 = Release|Any CPU
		{50FF9F6D-608B-4455-97B3-D4C9541C0484}.Debug|Any CPU.ActiveCfg = Debug|Any CPU
		{50FF9F6D-608B-4455-97B3-D4C9541C0484}.Debug|Any CPU.Build.0 = Debug|Any CPU
		{50FF9F6D-608B-4455-97B3-D4C9541C0484}.Release|Any CPU.ActiveCfg = Release|Any CPU
		{50FF9F6D-608B-4455-97B3-D4C9541C0484}.Release|Any CPU.Build.0 = Release|Any CPU
		{D07919AF-9EB9-47FD-AA39-036C422CA28C}.Debug|Any CPU.ActiveCfg = Debug|Any CPU
		{D07919AF-9EB9-47FD-AA39-036C422CA28C}.Debug|Any CPU.Build.0 = Debug|Any CPU
		{D07919AF-9EB9-47FD-AA39-036C422CA28C}.Release|Any CPU.ActiveCfg = Release|Any CPU
		{D07919AF-9EB9-47FD-AA39-036C422CA28C}.Release|Any CPU.Build.0 = Release|Any CPU
	EndGlobalSection
EndGlobal
