
Microsoft Visual Studio Solution File, Format Version 12.00
# Visual Studio Version 17
VisualStudioVersion = 17.5.002.0
MinimumVisualStudioVersion = 10.0.40219.1
Project("{FAE04EC0-301F-11D3-BF4B-00C04F79EFBC}") = "Ex1", "Ex1\Ex1.csproj", "{ABD44D69-CD41-4ABE-B726-F9BBABC495FE}"
EndProject
Global
	GlobalSection(SolutionConfigurationPlatforms) = preSolution
		Debug|Any CPU = Debug|Any CPU
		Release|Any CPU = Release|Any CPU
	EndGlobalSection
	GlobalSection(ProjectConfigurationPlatforms) = postSolution
		{ABD44D69-CD41-4ABE-B726-F9BBABC495FE}.Debug|Any CPU.ActiveCfg = Debug|Any CPU
		{ABD44D69-CD41-4ABE-B726-F9BBABC495FE}.Debug|Any CPU.Build.0 = Debug|Any CPU
		{ABD44D69-CD41-4ABE-B726-F9BBABC495FE}.Release|Any CPU.ActiveCfg = Release|Any CPU
		{ABD44D69-CD41-4ABE-B726-F9BBABC495FE}.Release|Any CPU.Build.0 = Release|Any CPU
	EndGlobalSection
	GlobalSection(SolutionProperties) = preSolution
		HideSolutionNode = FALSE
	EndGlobalSection
	GlobalSection(ExtensibilityGlobals) = postSolution
		SolutionGuid = {11F5500F-C145-42A6-A192-0D2FB398F0E0}
	EndGlobalSection
EndGlobal
