
Microsoft Visual Studio Solution File, Format Version 12.00
# Visual Studio Version 17
VisualStudioVersion = 17.0.31903.59
MinimumVisualStudioVersion = 10.0.40219.1
Project("{FAE04EC0-301F-11D3-BF4B-00C04F79EFBC}") = "Ex01", "Ex01\Ex01.csproj", "{C37749F3-3BA1-4FBD-88B2-B7A684EBE986}"
EndProject
Project("{FAE04EC0-301F-11D3-BF4B-00C04F79EFBC}") = "Ex02", "Ex02\Ex02.csproj", "{C3F8F0C5-FEB0-4683-9A59-AC5E7E951115}"
EndProject
Project("{FAE04EC0-301F-11D3-BF4B-00C04F79EFBC}") = "Ex03", "Ex03\Ex03.csproj", "{9EA3E7F8-EE64-4D93-B339-C99695E88B45}"
EndProject
Project("{FAE04EC0-301F-11D3-BF4B-00C04F79EFBC}") = "Ex04", "Ex04\Ex04.csproj", "{3E1B5E0D-57D1-4F2C-9486-FF2E3E8B25A1}"
EndProject
Project("{FAE04EC0-301F-11D3-BF4B-00C04F79EFBC}") = "Ex05", "Ex05\Ex05.csproj", "{56186FB3-6645-4F8E-AD79-E177268B06D6}"
EndProject
Project("{FAE04EC0-301F-11D3-BF4B-00C04F79EFBC}") = "Ex06", "Ex06\Ex06.csproj", "{A8571043-B925-4606-B437-7FE4874D6721}"
EndProject
Project("{FAE04EC0-301F-11D3-BF4B-00C04F79EFBC}") = "Ex07", "Ex07\Ex07.csproj", "{1C006FCA-316E-4150-AF53-9CFA22DA81A3}"
EndProject
Project("{FAE04EC0-301F-11D3-BF4B-00C04F79EFBC}") = "Ex08", "Ex08\Ex08.csproj", "{A109CE29-4523-44A3-A8B8-3CA5DDC0BDA2}"
EndProject
Project("{FAE04EC0-301F-11D3-BF4B-00C04F79EFBC}") = "Ex09", "Ex09\Ex09.csproj", "{A75DD883-9505-4FDB-911F-12441C7FC962}"
EndProject
Project("{FAE04EC0-301F-11D3-BF4B-00C04F79EFBC}") = "Ex10", "Ex10\Ex10.csproj", "{E55C4469-156F-4682-9C5E-47823EC1C2DD}"
EndProject
Project("{FAE04EC0-301F-11D3-BF4B-00C04F79EFBC}") = "Ex11", "Ex11\Ex11.csproj", "{957DD540-BB83-4FEE-8C57-69B0FC283678}"
EndProject
Project("{FAE04EC0-301F-11D3-BF4B-00C04F79EFBC}") = "Ex12", "Ex12\Ex12.csproj", "{68703BDE-8DFC-4326-ABA2-6FE8E8DA00D7}"
EndProject
Project("{FAE04EC0-301F-11D3-BF4B-00C04F79EFBC}") = "Ex13", "Ex13\Ex13.csproj", "{6F372C09-8E19-4F19-95F1-52FAE4A18743}"
EndProject
Project("{FAE04EC0-301F-11D3-BF4B-00C04F79EFBC}") = "Ex14", "Ex14\Ex14.csproj", "{E168B9D8-D7CF-4B1F-8FDA-B83981C0EF6C}"
EndProject
Project("{FAE04EC0-301F-11D3-BF4B-00C04F79EFBC}") = "Ex15", "Ex15\Ex15.csproj", "{48F9E23C-FA9D-4479-93FB-19C4E4D5178C}"
EndProject
Project("{FAE04EC0-301F-11D3-BF4B-00C04F79EFBC}") = "Ex16", "Ex16\Ex16.csproj", "{09E1E641-6C35-4D51-AB40-2B19324A544B}"
EndProject
Project("{FAE04EC0-301F-11D3-BF4B-00C04F79EFBC}") = "Ex17", "Ex17\Ex17.csproj", "{259B43D6-9DAC-429F-96E5-A2B7D207A5B8}"
EndProject
Project("{FAE04EC0-301F-11D3-BF4B-00C04F79EFBC}") = "Ex18", "Ex18\Ex18.csproj", "{6FBCF53B-2231-4494-A3D3-BC8F87903538}"
EndProject
Project("{FAE04EC0-301F-11D3-BF4B-00C04F79EFBC}") = "Ex19", "Ex19\Ex19.csproj", "{6BC0C8CE-3DA1-4952-A867-05AAC5A43372}"
EndProject
Project("{FAE04EC0-301F-11D3-BF4B-00C04F79EFBC}") = "Ex20", "Ex20\Ex20.csproj", "{864D1A51-D569-4932-BDDC-57D960141263}"
EndProject
Project("{FAE04EC0-301F-11D3-BF4B-00C04F79EFBC}") = "Ex21", "EX21\Ex21.csproj", "{58C60080-42CC-4F24-A7DD-B893D24B54EB}"
EndProject
Project("{FAE04EC0-301F-11D3-BF4B-00C04F79EFBC}") = "Ex22", "Ex22\Ex22.csproj", "{E5E02057-3449-4F47-8C06-959CC582E11F}"
EndProject
Project("{FAE04EC0-301F-11D3-BF4B-00C04F79EFBC}") = "Ex23", "Ex23\Ex23.csproj", "{C3978123-F2FE-4127-94E1-FF8B76569DDF}"
EndProject
Project("{FAE04EC0-301F-11D3-BF4B-00C04F79EFBC}") = "Ex24", "Ex24\Ex24.csproj", "{DFBB7D9D-2596-4470-A605-7E0F0CC4F556}"
EndProject
Project("{FAE04EC0-301F-11D3-BF4B-00C04F79EFBC}") = "Ex25", "Ex25\Ex25.csproj", "{36A05848-839E-41BD-A3A5-7C3C26A42F51}"
EndProject
Project("{FAE04EC0-301F-11D3-BF4B-00C04F79EFBC}") = "Ex26", "Ex26\Ex26.csproj", "{70992D81-63C9-4EF3-B034-0965B0501881}"
EndProject
Global
	GlobalSection(SolutionConfigurationPlatforms) = preSolution
		Debug|Any CPU = Debug|Any CPU
		Release|Any CPU = Release|Any CPU
	EndGlobalSection
	GlobalSection(ProjectConfigurationPlatforms) = postSolution
		{C37749F3-3BA1-4FBD-88B2-B7A684EBE986}.Debug|Any CPU.ActiveCfg = Debug|Any CPU
		{C37749F3-3BA1-4FBD-88B2-B7A684EBE986}.Debug|Any CPU.Build.0 = Debug|Any CPU
		{C37749F3-3BA1-4FBD-88B2-B7A684EBE986}.Release|Any CPU.ActiveCfg = Release|Any CPU
		{C37749F3-3BA1-4FBD-88B2-B7A684EBE986}.Release|Any CPU.Build.0 = Release|Any CPU
		{C3F8F0C5-FEB0-4683-9A59-AC5E7E951115}.Debug|Any CPU.ActiveCfg = Debug|Any CPU
		{C3F8F0C5-FEB0-4683-9A59-AC5E7E951115}.Debug|Any CPU.Build.0 = Debug|Any CPU
		{C3F8F0C5-FEB0-4683-9A59-AC5E7E951115}.Release|Any CPU.ActiveCfg = Release|Any CPU
		{C3F8F0C5-FEB0-4683-9A59-AC5E7E951115}.Release|Any CPU.Build.0 = Release|Any CPU
		{9EA3E7F8-EE64-4D93-B339-C99695E88B45}.Debug|Any CPU.ActiveCfg = Debug|Any CPU
		{9EA3E7F8-EE64-4D93-B339-C99695E88B45}.Debug|Any CPU.Build.0 = Debug|Any CPU
		{9EA3E7F8-EE64-4D93-B339-C99695E88B45}.Release|Any CPU.ActiveCfg = Release|Any CPU
		{9EA3E7F8-EE64-4D93-B339-C99695E88B45}.Release|Any CPU.Build.0 = Release|Any CPU
		{3E1B5E0D-57D1-4F2C-9486-FF2E3E8B25A1}.Debug|Any CPU.ActiveCfg = Debug|Any CPU
		{3E1B5E0D-57D1-4F2C-9486-FF2E3E8B25A1}.Debug|Any CPU.Build.0 = Debug|Any CPU
		{3E1B5E0D-57D1-4F2C-9486-FF2E3E8B25A1}.Release|Any CPU.ActiveCfg = Release|Any CPU
		{3E1B5E0D-57D1-4F2C-9486-FF2E3E8B25A1}.Release|Any CPU.Build.0 = Release|Any CPU
		{56186FB3-6645-4F8E-AD79-E177268B06D6}.Debug|Any CPU.ActiveCfg = Debug|Any CPU
		{56186FB3-6645-4F8E-AD79-E177268B06D6}.Debug|Any CPU.Build.0 = Debug|Any CPU
		{56186FB3-6645-4F8E-AD79-E177268B06D6}.Release|Any CPU.ActiveCfg = Release|Any CPU
		{56186FB3-6645-4F8E-AD79-E177268B06D6}.Release|Any CPU.Build.0 = Release|Any CPU
		{A8571043-B925-4606-B437-7FE4874D6721}.Debug|Any CPU.ActiveCfg = Debug|Any CPU
		{A8571043-B925-4606-B437-7FE4874D6721}.Debug|Any CPU.Build.0 = Debug|Any CPU
		{A8571043-B925-4606-B437-7FE4874D6721}.Release|Any CPU.ActiveCfg = Release|Any CPU
		{A8571043-B925-4606-B437-7FE4874D6721}.Release|Any CPU.Build.0 = Release|Any CPU
		{1C006FCA-316E-4150-AF53-9CFA22DA81A3}.Debug|Any CPU.ActiveCfg = Debug|Any CPU
		{1C006FCA-316E-4150-AF53-9CFA22DA81A3}.Debug|Any CPU.Build.0 = Debug|Any CPU
		{1C006FCA-316E-4150-AF53-9CFA22DA81A3}.Release|Any CPU.ActiveCfg = Release|Any CPU
		{1C006FCA-316E-4150-AF53-9CFA22DA81A3}.Release|Any CPU.Build.0 = Release|Any CPU
		{A109CE29-4523-44A3-A8B8-3CA5DDC0BDA2}.Debug|Any CPU.ActiveCfg = Debug|Any CPU
		{A109CE29-4523-44A3-A8B8-3CA5DDC0BDA2}.Debug|Any CPU.Build.0 = Debug|Any CPU
		{A109CE29-4523-44A3-A8B8-3CA5DDC0BDA2}.Release|Any CPU.ActiveCfg = Release|Any CPU
		{A109CE29-4523-44A3-A8B8-3CA5DDC0BDA2}.Release|Any CPU.Build.0 = Release|Any CPU
		{A75DD883-9505-4FDB-911F-12441C7FC962}.Debug|Any CPU.ActiveCfg = Debug|Any CPU
		{A75DD883-9505-4FDB-911F-12441C7FC962}.Debug|Any CPU.Build.0 = Debug|Any CPU
		{A75DD883-9505-4FDB-911F-12441C7FC962}.Release|Any CPU.ActiveCfg = Release|Any CPU
		{A75DD883-9505-4FDB-911F-12441C7FC962}.Release|Any CPU.Build.0 = Release|Any CPU
		{E55C4469-156F-4682-9C5E-47823EC1C2DD}.Debug|Any CPU.ActiveCfg = Debug|Any CPU
		{E55C4469-156F-4682-9C5E-47823EC1C2DD}.Debug|Any CPU.Build.0 = Debug|Any CPU
		{E55C4469-156F-4682-9C5E-47823EC1C2DD}.Release|Any CPU.ActiveCfg = Release|Any CPU
		{E55C4469-156F-4682-9C5E-47823EC1C2DD}.Release|Any CPU.Build.0 = Release|Any CPU
		{957DD540-BB83-4FEE-8C57-69B0FC283678}.Debug|Any CPU.ActiveCfg = Debug|Any CPU
		{957DD540-BB83-4FEE-8C57-69B0FC283678}.Debug|Any CPU.Build.0 = Debug|Any CPU
		{957DD540-BB83-4FEE-8C57-69B0FC283678}.Release|Any CPU.ActiveCfg = Release|Any CPU
		{957DD540-BB83-4FEE-8C57-69B0FC283678}.Release|Any CPU.Build.0 = Release|Any CPU
		{68703BDE-8DFC-4326-ABA2-6FE8E8DA00D7}.Debug|Any CPU.ActiveCfg = Debug|Any CPU
		{68703BDE-8DFC-4326-ABA2-6FE8E8DA00D7}.Debug|Any CPU.Build.0 = Debug|Any CPU
		{68703BDE-8DFC-4326-ABA2-6FE8E8DA00D7}.Release|Any CPU.ActiveCfg = Release|Any CPU
		{68703BDE-8DFC-4326-ABA2-6FE8E8DA00D7}.Release|Any CPU.Build.0 = Release|Any CPU
		{6F372C09-8E19-4F19-95F1-52FAE4A18743}.Debug|Any CPU.ActiveCfg = Debug|Any CPU
		{6F372C09-8E19-4F19-95F1-52FAE4A18743}.Debug|Any CPU.Build.0 = Debug|Any CPU
		{6F372C09-8E19-4F19-95F1-52FAE4A18743}.Release|Any CPU.ActiveCfg = Release|Any CPU
		{6F372C09-8E19-4F19-95F1-52FAE4A18743}.Release|Any CPU.Build.0 = Release|Any CPU
		{E168B9D8-D7CF-4B1F-8FDA-B83981C0EF6C}.Debug|Any CPU.ActiveCfg = Debug|Any CPU
		{E168B9D8-D7CF-4B1F-8FDA-B83981C0EF6C}.Debug|Any CPU.Build.0 = Debug|Any CPU
		{E168B9D8-D7CF-4B1F-8FDA-B83981C0EF6C}.Release|Any CPU.ActiveCfg = Release|Any CPU
		{E168B9D8-D7CF-4B1F-8FDA-B83981C0EF6C}.Release|Any CPU.Build.0 = Release|Any CPU
		{48F9E23C-FA9D-4479-93FB-19C4E4D5178C}.Debug|Any CPU.ActiveCfg = Debug|Any CPU
		{48F9E23C-FA9D-4479-93FB-19C4E4D5178C}.Debug|Any CPU.Build.0 = Debug|Any CPU
		{48F9E23C-FA9D-4479-93FB-19C4E4D5178C}.Release|Any CPU.ActiveCfg = Release|Any CPU
		{48F9E23C-FA9D-4479-93FB-19C4E4D5178C}.Release|Any CPU.Build.0 = Release|Any CPU
		{09E1E641-6C35-4D51-AB40-2B19324A544B}.Debug|Any CPU.ActiveCfg = Debug|Any CPU
		{09E1E641-6C35-4D51-AB40-2B19324A544B}.Debug|Any CPU.Build.0 = Debug|Any CPU
		{09E1E641-6C35-4D51-AB40-2B19324A544B}.Release|Any CPU.ActiveCfg = Release|Any CPU
		{09E1E641-6C35-4D51-AB40-2B19324A544B}.Release|Any CPU.Build.0 = Release|Any CPU
		{259B43D6-9DAC-429F-96E5-A2B7D207A5B8}.Debug|Any CPU.ActiveCfg = Debug|Any CPU
		{259B43D6-9DAC-429F-96E5-A2B7D207A5B8}.Debug|Any CPU.Build.0 = Debug|Any CPU
		{259B43D6-9DAC-429F-96E5-A2B7D207A5B8}.Release|Any CPU.ActiveCfg = Release|Any CPU
		{259B43D6-9DAC-429F-96E5-A2B7D207A5B8}.Release|Any CPU.Build.0 = Release|Any CPU
		{6FBCF53B-2231-4494-A3D3-BC8F87903538}.Debug|Any CPU.ActiveCfg = Debug|Any CPU
		{6FBCF53B-2231-4494-A3D3-BC8F87903538}.Debug|Any CPU.Build.0 = Debug|Any CPU
		{6FBCF53B-2231-4494-A3D3-BC8F87903538}.Release|Any CPU.ActiveCfg = Release|Any CPU
		{6FBCF53B-2231-4494-A3D3-BC8F87903538}.Release|Any CPU.Build.0 = Release|Any CPU
		{6BC0C8CE-3DA1-4952-A867-05AAC5A43372}.Debug|Any CPU.ActiveCfg = Debug|Any CPU
		{6BC0C8CE-3DA1-4952-A867-05AAC5A43372}.Debug|Any CPU.Build.0 = Debug|Any CPU
		{6BC0C8CE-3DA1-4952-A867-05AAC5A43372}.Release|Any CPU.ActiveCfg = Release|Any CPU
		{6BC0C8CE-3DA1-4952-A867-05AAC5A43372}.Release|Any CPU.Build.0 = Release|Any CPU
		{864D1A51-D569-4932-BDDC-57D960141263}.Debug|Any CPU.ActiveCfg = Debug|Any CPU
		{864D1A51-D569-4932-BDDC-57D960141263}.Debug|Any CPU.Build.0 = Debug|Any CPU
		{864D1A51-D569-4932-BDDC-57D960141263}.Release|Any CPU.ActiveCfg = Release|Any CPU
		{864D1A51-D569-4932-BDDC-57D960141263}.Release|Any CPU.Build.0 = Release|Any CPU
		{58C60080-42CC-4F24-A7DD-B893D24B54EB}.Debug|Any CPU.ActiveCfg = Debug|Any CPU
		{58C60080-42CC-4F24-A7DD-B893D24B54EB}.Debug|Any CPU.Build.0 = Debug|Any CPU
		{58C60080-42CC-4F24-A7DD-B893D24B54EB}.Release|Any CPU.ActiveCfg = Release|Any CPU
		{58C60080-42CC-4F24-A7DD-B893D24B54EB}.Release|Any CPU.Build.0 = Release|Any CPU
		{E5E02057-3449-4F47-8C06-959CC582E11F}.Debug|Any CPU.ActiveCfg = Debug|Any CPU
		{E5E02057-3449-4F47-8C06-959CC582E11F}.Debug|Any CPU.Build.0 = Debug|Any CPU
		{E5E02057-3449-4F47-8C06-959CC582E11F}.Release|Any CPU.ActiveCfg = Release|Any CPU
		{E5E02057-3449-4F47-8C06-959CC582E11F}.Release|Any CPU.Build.0 = Release|Any CPU
		{C3978123-F2FE-4127-94E1-FF8B76569DDF}.Debug|Any CPU.ActiveCfg = Debug|Any CPU
		{C3978123-F2FE-4127-94E1-FF8B76569DDF}.Debug|Any CPU.Build.0 = Debug|Any CPU
		{C3978123-F2FE-4127-94E1-FF8B76569DDF}.Release|Any CPU.ActiveCfg = Release|Any CPU
		{C3978123-F2FE-4127-94E1-FF8B76569DDF}.Release|Any CPU.Build.0 = Release|Any CPU
		{DFBB7D9D-2596-4470-A605-7E0F0CC4F556}.Debug|Any CPU.ActiveCfg = Debug|Any CPU
		{DFBB7D9D-2596-4470-A605-7E0F0CC4F556}.Debug|Any CPU.Build.0 = Debug|Any CPU
		{DFBB7D9D-2596-4470-A605-7E0F0CC4F556}.Release|Any CPU.ActiveCfg = Release|Any CPU
		{DFBB7D9D-2596-4470-A605-7E0F0CC4F556}.Release|Any CPU.Build.0 = Release|Any CPU
		{36A05848-839E-41BD-A3A5-7C3C26A42F51}.Debug|Any CPU.ActiveCfg = Debug|Any CPU
		{36A05848-839E-41BD-A3A5-7C3C26A42F51}.Debug|Any CPU.Build.0 = Debug|Any CPU
		{36A05848-839E-41BD-A3A5-7C3C26A42F51}.Release|Any CPU.ActiveCfg = Release|Any CPU
		{36A05848-839E-41BD-A3A5-7C3C26A42F51}.Release|Any CPU.Build.0 = Release|Any CPU
		{70992D81-63C9-4EF3-B034-0965B0501881}.Debug|Any CPU.ActiveCfg = Debug|Any CPU
		{70992D81-63C9-4EF3-B034-0965B0501881}.Debug|Any CPU.Build.0 = Debug|Any CPU
		{70992D81-63C9-4EF3-B034-0965B0501881}.Release|Any CPU.ActiveCfg = Release|Any CPU
		{70992D81-63C9-4EF3-B034-0965B0501881}.Release|Any CPU.Build.0 = Release|Any CPU
	EndGlobalSection
	GlobalSection(SolutionProperties) = preSolution
		HideSolutionNode = FALSE
	EndGlobalSection
EndGlobal
